# This file is autogenerated, do not edit; changes may be undone by the next 'dep ensure'.


[[projects]]
  branch = "master"
  name = "github.com/facebookgo/clock"
  packages = ["."]
  revision = "600d898af40aa09a7a93ecb9265d87b0504b6f03"

[[projects]]
  branch = "master"
  name = "github.com/facebookgo/grace"
  packages = ["gracenet"]
  revision = "4afe952a37a495ae4ac0c1d4ce5f66e91058d149"

[[projects]]
  branch = "master"
  name = "github.com/facebookgo/httpdown"
  packages = ["."]
  revision = "a3b1354551a26449fbe05f5d855937f6e7acbd71"

[[projects]]
  branch = "master"
  name = "github.com/facebookgo/stats"
  packages = ["."]
  revision = "1b76add642e42c6ffba7211ad7b3939ce654526e"

[[projects]]
  name = "github.com/sirupsen/logrus"
  packages = ["."]
  revision = "c155da19408a8799da419ed3eeb0cb5db0ad5dbc"
  version = "v1.0.5"

[[projects]]
  branch = "master"
  name = "golang.org/x/crypto"
  packages = ["ssh/terminal"]
  revision = "d6449816ce06963d9d136eee5a56fca5b0616e7e"

[[projects]]
  branch = "master"
  name = "golang.org/x/sys"
  packages = [
    "unix",
    "windows"
  ]
  revision = "2281fa97ef7b0c26324634d5a22f04babdac8713"

[solve-meta]
  analyzer-name = "dep"
  analyzer-version = 1
  inputs-digest = "ad0ae4c72f7c75aeccc5347f48e6e8b5a3a117802dc3dc9430acf197cf2e846b"
  solver-name = "gps-cdcl"
  solver-version = 1
